hash: 6a2f8aa00e49999a5b4132b4bf8c71bf0b5ac0ee536b781a756d1f277dd20e1c
updated: 2018-01-17T15:48:42.214388+11:00
imports:
- name: code.cloudfoundry.org/go-loggregator
  version: 041998b54f880b3e5460fcc4e7d4d77742dc3d86
  subpackages:
  - rpc/loggregator_v2
  - v1
- name: github.com/cloudfoundry/dropsonde
  version: fe07f64fd1fd25f3c920e9183edd71de6895f1d8
  subpackages:
  - emitter
  - envelope_sender
  - envelopes
  - factories
  - instrumented_handler
  - instrumented_round_tripper
  - log_sender
  - logs
  - metric_sender
  - metricbatcher
  - metrics
  - runtime_stats
- name: github.com/cloudfoundry/gosteno
  version: 0c8581caea35ac903728230e447792e2365dcc34
  subpackages:
  - syslog
- name: github.com/cloudfoundry/sonde-go
  version: b33733203bb48d7c56de7cb639d77f78b0449d19
  subpackages:
  - events
- name: github.com/gogo/protobuf
  version: 160de10b2537169b5ae3e7e221d28269ef40d311
  subpackages:
  - gogoproto
  - proto
  - protoc-gen-gogo/descriptor
- name: github.com/golang/protobuf
  version: 1e59b77b52bf8e4b449a57e6f79f21226d571845
  subpackages:
  - proto
  - ptypes
  - ptypes/any
  - ptypes/duration
  - ptypes/timestamp
- name: github.com/mailru/easyjson
  version: 32fa128f234d041f196a9f3e0fea5ac9772c08e1
  subpackages:
  - buffer
  - jlexer
  - jwriter
- name: github.com/nu7hatch/gouuid
  version: 179d4d0c4d8d407a32af483c2354df1d2c91e6c3
- name: golang.org/x/net
  version: 5ccada7d0a7ba9aeb5d3aca8d3501b4c2a509fec
  subpackages:
  - context
  - http2
  - http2/hpack
  - idna
  - internal/timeseries
  - lex/httplex
  - trace
- name: golang.org/x/text
  version: e19ae1496984b1c655b8044a65c0300a3c878dd3
  subpackages:
  - secure/bidirule
  - transform
  - unicode/bidi
  - unicode/norm
- name: google.golang.org/genproto
  version: a8101f21cf983e773d0c1133ebc5424792003214
  subpackages:
  - googleapis/rpc/status
- name: google.golang.org/grpc
  version: 1cd234627e6f392ade0527d593eb3fe53e832d4a
  subpackages:
  - balancer
  - balancer/base
  - balancer/roundrobin
  - codes
  - connectivity
  - credentials
  - encoding
  - grpclb/grpc_lb_v1/messages
  - grpclog
  - internal
  - keepalive
  - metadata
  - naming
  - peer
  - resolver
  - resolver/dns
  - resolver/passthrough
  - stats
  - status
  - tap
  - transport
- name: gopkg.in/mcuadros/go-syslog.v2
  version: 9cf13b7327c0e153da3cba3540c2ae2b879c3859
  subpackages:
  - format
  - internal/syslogparser
  - internal/syslogparser/rfc3164
  - internal/syslogparser/rfc5424
testImports: []
